// !$*UTF8*$!
{
	archiveVersion = 1;
	classes = {
	};
	objectVersion = 77;
	objects = {

/* Begin PBXBuildFile section */
		520581A13026207D002E89C5 /* WordFinderStore.swift in Sources */ = {isa = PBXBuildFile; fileRef = 520581A030262078002E89C5 /* WordFinderStore.swift */; };
		5272772F3025DF88001A7ABA /* RackNormalizer.swift in Sources */ = {isa = PBXBuildFile; fileRef = 5272772E3025D8A2001A7ABA /* RackNormalizer.swift */; };
		52EDF6AA3025F0AD00C6FF1B /* Candidate.swift in Sources */ = {isa = PBXBuildFile; fileRef = 52EDF6A93025F07700C6FF1B /* Candidate.swift */; };
		52EDF6AC3025F12300C6FF1B /* SearchResults.swift in Sources */ = {isa = PBXBuildFile; fileRef = 52EDF6AB3025F11700C6FF1B /* SearchResults.swift */; };
		52EDF6AE3025F14100C6FF1B /* WordFinder.swift in Sources */ = {isa = PBXBuildFile; fileRef = 52EDF6AD3025F13B00C6FF1B /* WordFinder.swift */; };
		52EDF6B33025F32100C6FF1B /* ConstraintCompiler.swift in Sources */ = {isa = PBXBuildFile; fileRef = 52EDF6B23025F31E00C6FF1B /* ConstraintCompiler.swift */; };
		52EDF6B83025F58800C6FF1B /* WordListLoader.swift in Sources */ = {isa = PBXBuildFile; fileRef = 52EDF6B73025F58500C6FF1B /* WordListLoader.swift */; };
/* End PBXBuildFile section */

/* Begin PBXContainerItemProxy section */
		523EF5F93024FEF5007E9BD9 /* PBXContainerItemProxy */ = {
			isa = PBXContainerItemProxy;
			containerPortal = 523EF5E33024FEF2007E9BD9 /* Project object */;
			proxyType = 1;
			remoteGlobalIDString = 523EF5EA3024FEF2007E9BD9;
			remoteInfo = LettresEtScores;
		};
		523EF6033024FEF5007E9BD9 /* PBXContainerItemProxy */ = {
			isa = PBXContainerItemProxy;
			containerPortal = 523EF5E33024FEF2007E9BD9 /* Project object */;
			proxyType = 1;
			remoteGlobalIDString = 523EF5EA3024FEF2007E9BD9;
			remoteInfo = LettresEtScores;
		};
/* End PBXContainerItemProxy section */

/* Begin PBXFileReference section */
		520581A030262078002E89C5 /* WordFinderStore.swift */ = {isa = PBXFileReference; lastKnownFileType = sourcecode.swift; path = WordFinderStore.swift; sourceTree = "<group>"; };
		523EF5EB3024FEF3007E9BD9 /* LettresEtScores.app */ = {isa = PBXFileReference; explicitFileType = wrapper.application; includeInIndex = 0; path = LettresEtScores.app; sourceTree = BUILT_PRODUCTS_DIR; };
		523EF5F83024FEF5007E9BD9 /* LettresEtScoresTests.xctest */ = {isa = PBXFileReference; explicitFileType = wrapper.cfbundle; includeInIndex = 0; path = LettresEtScoresTests.xctest; sourceTree = BUILT_PRODUCTS_DIR; };
		523EF6023024FEF5007E9BD9 /* LettresEtScoresUITests.xctest */ = {isa = PBXFileReference; explicitFileType = wrapper.cfbundle; includeInIndex = 0; path = LettresEtScoresUITests.xctest; sourceTree = BUILT_PRODUCTS_DIR; };
		5272772E3025D8A2001A7ABA /* RackNormalizer.swift */ = {isa = PBXFileReference; lastKnownFileType = sourcecode.swift; path = RackNormalizer.swift; sourceTree = "<group>"; };
		52EDF6A93025F07700C6FF1B /* Candidate.swift */ = {isa = PBXFileReference; lastKnownFileType = sourcecode.swift; path = Candidate.swift; sourceTree = "<group>"; };
		52EDF6AB3025F11700C6FF1B /* SearchResults.swift */ = {isa = PBXFileReference; lastKnownFileType = sourcecode.swift; path = SearchResults.swift; sourceTree = "<group>"; };
		52EDF6AD3025F13B00C6FF1B /* WordFinder.swift */ = {isa = PBXFileReference; lastKnownFileType = sourcecode.swift; path = WordFinder.swift; sourceTree = "<group>"; };
		52EDF6B23025F31E00C6FF1B /* ConstraintCompiler.swift */ = {isa = PBXFileReference; lastKnownFileType = sourcecode.swift; path = ConstraintCompiler.swift; sourceTree = "<group>"; };
		52EDF6B73025F58500C6FF1B /* WordListLoader.swift */ = {isa = PBXFileReference; lastKnownFileType = sourcecode.swift; path = WordListLoader.swift; sourceTree = "<group>"; };
/* End PBXFileReference section */

/* Begin PBXFileSystemSynchronizedRootGroup section */
		523EF5ED3024FEF3007E9BD9 /* LettresEtScores */ = {
			isa = PBXFileSystemSynchronizedRootGroup;
			path = LettresEtScores;
			sourceTree = "<group>";
		};
		523EF5FB3024FEF5007E9BD9 /* LettresEtScoresTests */ = {
			isa = PBXFileSystemSynchronizedRootGroup;
			path = LettresEtScoresTests;
			sourceTree = "<group>";
		};
		523EF6053024FEF5007E9BD9 /* LettresEtScoresUITests */ = {
			isa = PBXFileSystemSynchronizedRootGroup;
			path = LettresEtScoresUITests;
			sourceTree = "<group>";
		};
		529017243026062C00A0618B /* Resources */ = {
			isa = PBXFileSystemSynchronizedRootGroup;
			path = Resources;
			sourceTree = "<group>";
		};
/* End PBXFileSystemSynchronizedRootGroup section */

/* Begin PBXFrameworksBuildPhase section */
		523EF5E83024FEF2007E9BD9 /* Frameworks */ = {
			isa = PBXFrameworksBuildPhase;
			buildActionMask = 2147483647;
			files = (
			);
			runOnlyForDeploymentPostprocessing = 0;
		};
		523EF5F53024FEF5007E9BD9 /* Frameworks */ = {
			isa = PBXFrameworksBuildPhase;
			buildActionMask = 2147483647;
			files = (
			);
			runOnlyForDeploymentPostprocessing = 0;
		};
		523EF5FF3024FEF5007E9BD9 /* Frameworks */ = {
			isa = PBXFrameworksBuildPhase;
			buildActionMask = 2147483647;
			files = (
			);
			runOnlyForDeploymentPostprocessing = 0;
		};
/* End PBXFrameworksBuildPhase section */

/* Begin PBXGroup section */
		5205819D30261E71002E89C5 /* Frameworks */ = {
			isa = PBXGroup;
			children = (
			);
			name = Frameworks;
			sourceTree = "<group>";
		};
		523EF5E23024FEF2007E9BD9 = {
			isa = PBXGroup;
			children = (
				529017243026062C00A0618B /* Resources */,
				5272772D3025D88D001A7ABA /* Domain */,
				523EF5ED3024FEF3007E9BD9 /* LettresEtScores */,
				523EF5FB3024FEF5007E9BD9 /* LettresEtScoresTests */,
				523EF6053024FEF5007E9BD9 /* LettresEtScoresUITests */,
				5205819D30261E71002E89C5 /* Frameworks */,
				523EF5EC3024FEF3007E9BD9 /* Products */,
			);
			sourceTree = "<group>";
		};
		523EF5EC3024FEF3007E9BD9 /* Products */ = {
			isa = PBXGroup;
			children = (
				523EF5EB3024FEF3007E9BD9 /* LettresEtScores.app */,
				523EF5F83024FEF5007E9BD9 /* LettresEtScoresTests.xctest */,
				523EF6023024FEF5007E9BD9 /* LettresEtScoresUITests.xctest */,
			);
			name = Products;
			sourceTree = "<group>";
		};
		5272772D3025D88D001A7ABA /* Domain */ = {
			isa = PBXGroup;
			children = (
				520581A030262078002E89C5 /* WordFinderStore.swift */,
				52EDF6B73025F58500C6FF1B /* WordListLoader.swift */,
				52EDF6B23025F31E00C6FF1B /* ConstraintCompiler.swift */,
				52EDF6AD3025F13B00C6FF1B /* WordFinder.swift */,
				52EDF6AB3025F11700C6FF1B /* SearchResults.swift */,
				52EDF6A93025F07700C6FF1B /* Candidate.swift */,
				5272772E3025D8A2001A7ABA /* RackNormalizer.swift */,
			);
			path = Domain;
			sourceTree = "<group>";
		};
/* End PBXGroup section */

/* Begin PBXNativeTarget section */
		523EF5EA3024FEF2007E9BD9 /* LettresEtScores */ = {
			isa = PBXNativeTarget;
			buildConfigurationList = 523EF60C3024FEF5007E9BD9 /* Build configuration list for PBXNativeTarget "LettresEtScores" */;
			buildPhases = (
				523EF5E73024FEF2007E9BD9 /* Sources */,
				523EF5E83024FEF2007E9BD9 /* Frameworks */,
				523EF5E93024FEF2007E9BD9 /* Resources */,
			);
			buildRules = (
			);
			dependencies = (
			);
			fileSystemSynchronizedGroups = (
				523EF5ED3024FEF3007E9BD9 /* LettresEtScores */,
				529017243026062C00A0618B /* Resources */,
			);
			name = LettresEtScores;
			packageProductDependencies = (
			);
			productName = LettresEtScores;
			productReference = 523EF5EB3024FEF3007E9BD9 /* LettresEtScores.app */;
			productType = "com.apple.product-type.application";
		};
		523EF5F73024FEF5007E9BD9 /* LettresEtScoresTests */ = {
			isa = PBXNativeTarget;
			buildConfigurationList = 523EF60F3024FEF5007E9BD9 /* Build configuration list for PBXNativeTarget "LettresEtScoresTests" */;
			buildPhases = (
				523EF5F43024FEF5007E9BD9 /* Sources */,
				523EF5F53024FEF5007E9BD9 /* Frameworks */,
				523EF5F63024FEF5007E9BD9 /* Resources */,
			);
			buildRules = (
			);
			dependencies = (
				523EF5FA3024FEF5007E9BD9 /* PBXTargetDependency */,
			);
			fileSystemSynchronizedGroups = (
				523EF5FB3024FEF5007E9BD9 /* LettresEtScoresTests */,
			);
			name = LettresEtScoresTests;
			packageProductDependencies = (
			);
			productName = LettresEtScoresTests;
			productReference = 523EF5F83024FEF5007E9BD9 /* LettresEtScoresTests.xctest */;
			productType = "com.apple.product-type.bundle.unit-test";
		};
		523EF6013024FEF5007E9BD9 /* LettresEtScoresUITests */ = {
			isa = PBXNativeTarget;
			buildConfigurationList = 523EF6123024FEF5007E9BD9 /* Build configuration list for PBXNativeTarget "LettresEtScoresUITests" */;
			buildPhases = (
				523EF5FE3024FEF5007E9BD9 /* Sources */,
				523EF5FF3024FEF5007E9BD9 /* Frameworks */,
				523EF6003024FEF5007E9BD9 /* Resources */,
			);
			buildRules = (
			);
			dependencies = (
				523EF6043024FEF5007E9BD9 /* PBXTargetDependency */,
			);
			fileSystemSynchronizedGroups = (
				523EF6053024FEF5007E9BD9 /* LettresEtScoresUITests */,
			);
			name = LettresEtScoresUITests;
			packageProductDependencies = (
			);
			productName = LettresEtScoresUITests;
			productReference = 523EF6023024FEF5007E9BD9 /* LettresEtScoresUITests.xctest */;
			productType = "com.apple.product-type.bundle.ui-testing";
		};
/* End PBXNativeTarget section */

/* Begin PBXProject section */
		523EF5E33024FEF2007E9BD9 /* Project object */ = {
			isa = PBXProject;
			attributes = {
				BuildIndependentTargetsInParallel = 1;
				LastSwiftUpdateCheck = 2660;
				LastUpgradeCheck = 2660;
				TargetAttributes = {
					523EF5EA3024FEF2007E9BD9 = {
						CreatedOnToolsVersion = 26.6;
					};
					523EF5F73024FEF5007E9BD9 = {
						CreatedOnToolsVersion = 26.6;
						TestTargetID = 523EF5EA3024FEF2007E9BD9;
					};
					523EF6013024FEF5007E9BD9 = {
						CreatedOnToolsVersion = 26.6;
						TestTargetID = 523EF5EA3024FEF2007E9BD9;
					};
				};
			};
			buildConfigurationList = 523EF5E63024FEF2007E9BD9 /* Build configuration list for PBXProject "LettresEtScores" */;
			developmentRegion = en;
			hasScannedForEncodings = 0;
			knownRegions = (
				en,
				Base,
			);
			mainGroup = 523EF5E23024FEF2007E9BD9;
			minimizedProjectReferenceProxies = 1;
			packageReferences = (
			);
			preferredProjectObjectVersion = 77;
			productRefGroup = 523EF5EC3024FEF3007E9BD9 /* Products */;
			projectDirPath = "";
			projectRoot = "";
			targets = (
				523EF5EA3024FEF2007E9BD9 /* LettresEtScores */,
				523EF5F73024FEF5007E9BD9 /* LettresEtScoresTests */,
				523EF6013024FEF5007E9BD9 /* LettresEtScoresUITests */,
			);
		};
/* End PBXProject section */

/* Begin PBXResourcesBuildPhase section */
		523EF5E93024FEF2007E9BD9 /* Resources */ = {
			isa = PBXResourcesBuildPhase;
			buildActionMask = 2147483647;
			files = (
			);
			runOnlyForDeploymentPostprocessing = 0;
		};
		523EF5F63024FEF5007E9BD9 /* Resources */ = {
			isa = PBXResourcesBuildPhase;
			buildActionMask = 2147483647;
			files = (
			);
			runOnlyForDeploymentPostprocessing = 0;
		};
		523EF6003024FEF5007E9BD9 /* Resources */ = {
			isa = PBXResourcesBuildPhase;
			buildActionMask = 2147483647;
			files = (
			);
			runOnlyForDeploymentPostprocessing = 0;
		};
/* End PBXResourcesBuildPhase section */

/* Begin PBXSourcesBuildPhase section */
		523EF5E73024FEF2007E9BD9 /* Sources */ = {
			isa = PBXSourcesBuildPhase;
			buildActionMask = 2147483647;
			files = (
				5272772F3025DF88001A7ABA /* RackNormalizer.swift in Sources */,
				520581A13026207D002E89C5 /* WordFinderStore.swift in Sources */,
				52EDF6B33025F32100C6FF1B /* ConstraintCompiler.swift in Sources */,
				52EDF6AC3025F12300C6FF1B /* SearchResults.swift in Sources */,
				52EDF6AA3025F0AD00C6FF1B /* Candidate.swift in Sources */,
				52EDF6B83025F58800C6FF1B /* WordListLoader.swift in Sources */,
				52EDF6AE3025F14100C6FF1B /* WordFinder.swift in Sources */,
			);
			runOnlyForDeploymentPostprocessing = 0;
		};
		523EF5F43024FEF5007E9BD9 /* Sources */ = {
			isa = PBXSourcesBuildPhase;
			buildActionMask = 2147483647;
			files = (
			);
			runOnlyForDeploymentPostprocessing = 0;
		};
		523EF5FE3024FEF5007E9BD9 /* Sources */ = {
			isa = PBXSourcesBuildPhase;
			buildActionMask = 2147483647;
			files = (
			);
			runOnlyForDeploymentPostprocessing = 0;
		};
/* End PBXSourcesBuildPhase section */

/* Begin PBXTargetDependency section */
		523EF5FA3024FEF5007E9BD9 /* PBXTargetDependency */ = {
			isa = PBXTargetDependency;
			target = 523EF5EA3024FEF2007E9BD9 /* LettresEtScores */;
			targetProxy = 523EF5F93024FEF5007E9BD9 /* PBXContainerItemProxy */;
		};
		523EF6043024FEF5007E9BD9 /* PBXTargetDependency */ = {
			isa = PBXTargetDependency;
			target = 523EF5EA3024FEF2007E9BD9 /* LettresEtScores */;
			targetProxy = 523EF6033024FEF5007E9BD9 /* PBXContainerItemProxy */;
		};
/* End PBXTargetDependency section */

/* Begin XCBuildConfiguration section */
		523EF60A3024FEF5007E9BD9 /* Debug */ = {
			isa = XCBuildConfiguration;
			buildSettings = {
				ALWAYS_SEARCH_USER_PATHS = NO;
				ASSETCATALOG_COMPILER_GENERATE_SWIFT_ASSET_SYMBOL_EXTENSIONS = YES;
				CLANG_ANALYZER_NONNULL = YES;
				CLANG_ANALYZER_NUMBER_OBJECT_CONVERSION = YES_AGGRESSIVE;
				CLANG_CXX_LANGUAGE_STANDARD = "gnu++20";
				CLANG_ENABLE_MODULES = YES;
				CLANG_ENABLE_OBJC_ARC = YES;
				CLANG_ENABLE_OBJC_WEAK = YES;
				CLANG_WARN_BLOCK_CAPTURE_AUTORELEASING = YES;
				CLANG_WARN_BOOL_CONVERSION = YES;
				CLANG_WARN_COMMA = YES;
				CLANG_WARN_CONSTANT_CONVERSION = YES;
				CLANG_WARN_DEPRECATED_OBJC_IMPLEMENTATIONS = YES;
				CLANG_WARN_DIRECT_OBJC_ISA_USAGE = YES_ERROR;
				CLANG_WARN_DOCUMENTATION_COMMENTS = YES;
				CLANG_WARN_EMPTY_BODY = YES;
				CLANG_WARN_ENUM_CONVERSION = YES;
				CLANG_WARN_INFINITE_RECURSION = YES;
				CLANG_WARN_INT_CONVERSION = YES;
				CLANG_WARN_NON_LITERAL_NULL_CONVERSION = YES;
				CLANG_WARN_OBJC_IMPLICIT_RETAIN_SELF = YES;
				CLANG_WARN_OBJC_LITERAL_CONVERSION = YES;
				CLANG_WARN_OBJC_ROOT_CLASS = YES_ERROR;
				CLANG_WARN_QUOTED_INCLUDE_IN_FRAMEWORK_HEADER = YES;
				CLANG_WARN_RANGE_LOOP_ANALYSIS = YES;
				CLANG_WARN_STRICT_PROTOTYPES = YES;
				CLANG_WARN_SUSPICIOUS_MOVE = YES;
				CLANG_WARN_UNGUARDED_AVAILABILITY = YES_AGGRESSIVE;
				CLANG_WARN_UNREACHABLE_CODE = YES;
				CLANG_WARN__DUPLICATE_METHOD_MATCH = YES;
				COPY_PHASE_STRIP = NO;
				DEBUG_INFORMATION_FORMAT = dwarf;
				ENABLE_STRICT_OBJC_MSGSEND = YES;
				ENABLE_TESTABILITY = YES;
				ENABLE_USER_SCRIPT_SANDBOXING = YES;
				GCC_C_LANGUAGE_STANDARD = gnu17;
				GCC_DYNAMIC_NO_PIC = NO;
				GCC_NO_COMMON_BLOCKS = YES;
				GCC_OPTIMIZATION_LEVEL = 0;
				GCC_PREPROCESSOR_DEFINITIONS = (
					"DEBUG=1",
					"$(inherited)",
				);
				GCC_WARN_64_TO_32_BIT_CONVERSION = YES;
				GCC_WARN_ABOUT_RETURN_TYPE = YES_ERROR;
				GCC_WARN_UNDECLARED_SELECTOR = YES;
				GCC_WARN_UNINITIALIZED_AUTOS = YES_AGGRESSIVE;
				GCC_WARN_UNUSED_FUNCTION = YES;
				GCC_WARN_UNUSED_VARIABLE = YES;
				IPHONEOS_DEPLOYMENT_TARGET = 17.6;
				LOCALIZATION_PREFERS_STRING_CATALOGS = YES;
				MTL_ENABLE_DEBUG_INFO = INCLUDE_SOURCE;
				MTL_FAST_MATH = YES;
				ONLY_ACTIVE_ARCH = YES;
				SDKROOT = iphoneos;
				SWIFT_ACTIVE_COMPILATION_CONDITIONS = "DEBUG $(inherited)";
				SWIFT_OPTIMIZATION_LEVEL = "-Onone";
			};
			name = Debug;
		};
		523EF60B3024FEF5007E9BD9 /* Release */ = {
			isa = XCBuildConfiguration;
			buildSettings = {
				ALWAYS_SEARCH_USER_PATHS = NO;
				ASSETCATALOG_COMPILER_GENERATE_SWIFT_ASSET_SYMBOL_EXTENSIONS = YES;
				CLANG_ANALYZER_NONNULL = YES;
				CLANG_ANALYZER_NUMBER_OBJECT_CONVERSION = YES_AGGRESSIVE;
				CLANG_CXX_LANGUAGE_STANDARD = "gnu++20";
				CLANG_ENABLE_MODULES = YES;
				CLANG_ENABLE_OBJC_ARC = YES;
				CLANG_ENABLE_OBJC_WEAK = YES;
				CLANG_WARN_BLOCK_CAPTURE_AUTORELEASING = YES;
				CLANG_WARN_BOOL_CONVERSION = YES;
				CLANG_WARN_COMMA = YES;
				CLANG_WARN_CONSTANT_CONVERSION = YES;
				CLANG_WARN_DEPRECATED_OBJC_IMPLEMENTATIONS = YES;
				CLANG_WARN_DIRECT_OBJC_ISA_USAGE = YES_ERROR;
				CLANG_WARN_DOCUMENTATION_COMMENTS = YES;
				CLANG_WARN_EMPTY_BODY = YES;
				CLANG_WARN_ENUM_CONVERSION = YES;
				CLANG_WARN_INFINITE_RECURSION = YES;
				CLANG_WARN_INT_CONVERSION = YES;
				CLANG_WARN_NON_LITERAL_NULL_CONVERSION = YES;
				CLANG_WARN_OBJC_IMPLICIT_RETAIN_SELF = YES;
				CLANG_WARN_OBJC_LITERAL_CONVERSION = YES;
				CLANG_WARN_OBJC_ROOT_CLASS = YES_ERROR;
				CLANG_WARN_QUOTED_INCLUDE_IN_FRAMEWORK_HEADER = YES;
				CLANG_WARN_RANGE_LOOP_ANALYSIS = YES;
				CLANG_WARN_STRICT_PROTOTYPES = YES;
				CLANG_WARN_SUSPICIOUS_MOVE = YES;
				CLANG_WARN_UNGUARDED_AVAILABILITY = YES_AGGRESSIVE;
				CLANG_WARN_UNREACHABLE_CODE = YES;
				CLANG_WARN__DUPLICATE_METHOD_MATCH = YES;
				COPY_PHASE_STRIP = NO;
				DEBUG_INFORMATION_FORMAT = "dwarf-with-dsym";
				ENABLE_NS_ASSERTIONS = NO;
				ENABLE_STRICT_OBJC_MSGSEND = YES;
				ENABLE_USER_SCRIPT_SANDBOXING = YES;
				GCC_C_LANGUAGE_STANDARD = gnu17;
				GCC_NO_COMMON_BLOCKS = YES;
				GCC_WARN_64_TO_32_BIT_CONVERSION = YES;
				GCC_WARN_ABOUT_RETURN_TYPE = YES_ERROR;
				GCC_WARN_UNDECLARED_SELECTOR = YES;
				GCC_WARN_UNINITIALIZED_AUTOS = YES_AGGRESSIVE;
				GCC_WARN_UNUSED_FUNCTION = YES;
				GCC_WARN_UNUSED_VARIABLE = YES;
				IPHONEOS_DEPLOYMENT_TARGET = 17.6;
				LOCALIZATION_PREFERS_STRING_CATALOGS = YES;
				MTL_ENABLE_DEBUG_INFO = NO;
				MTL_FAST_MATH = YES;
				SDKROOT = iphoneos;
				SWIFT_COMPILATION_MODE = wholemodule;
				VALIDATE_PRODUCT = YES;
			};
			name = Release;
		};
		523EF60D3024FEF5007E9BD9 /* Debug */ = {
			isa = XCBuildConfiguration;
			buildSettings = {
				ASSETCATALOG_COMPILER_APPICON_NAME = AppIcon;
				ASSETCATALOG_COMPILER_GLOBAL_ACCENT_COLOR_NAME = AccentColor;
				CODE_SIGN_STYLE = Automatic;
				CURRENT_PROJECT_VERSION = 1;
				DEVELOPMENT_TEAM = YBQFK5BBPA;
				ENABLE_PREVIEWS = YES;
				GENERATE_INFOPLIST_FILE = YES;
				INFOPLIST_KEY_UIApplicationSceneManifest_Generation = YES;
				INFOPLIST_KEY_UIApplicationSupportsIndirectInputEvents = YES;
				INFOPLIST_KEY_UILaunchScreen_Generation = YES;
				INFOPLIST_KEY_UISupportedInterfaceOrientations_iPad = "UIInterfaceOrientationPortrait UIInterfaceOrientationPortraitUpsideDown UIInterfaceOrientationLandscapeLeft UIInterfaceOrientationLandscapeRight";
				INFOPLIST_KEY_UISupportedInterfaceOrientations_iPhone = "UIInterfaceOrientationPortrait UIInterfaceOrientationLandscapeLeft UIInterfaceOrientationLandscapeRight";
				IPHONEOS_DEPLOYMENT_TARGET = 17.6;
				LD_RUNPATH_SEARCH_PATHS = (
					"$(inherited)",
					"@executable_path/Frameworks",
				);
				MARKETING_VERSION = 1.0;
				PRODUCT_BUNDLE_IDENTIFIER = "Bart-Jourquin.LettresEtScores";
				PRODUCT_NAME = "$(TARGET_NAME)";
				STRING_CATALOG_GENERATE_SYMBOLS = YES;
				SWIFT_APPROACHABLE_CONCURRENCY = YES;
				SWIFT_DEFAULT_ACTOR_ISOLATION = nonisolated;
				SWIFT_EMIT_LOC_STRINGS = YES;
				SWIFT_UPCOMING_FEATURE_MEMBER_IMPORT_VISIBILITY = YES;
				SWIFT_VERSION = 5.0;
				TARGETED_DEVICE_FAMILY = "1,2";
			};
			name = Debug;
		};
		523EF60E3024FEF5007E9BD9 /* Release */ = {
			isa = XCBuildConfiguration;
			buildSettings = {
				ASSETCATALOG_COMPILER_APPICON_NAME = AppIcon;
				ASSETCATALOG_COMPILER_GLOBAL_ACCENT_COLOR_NAME = AccentColor;
				CODE_SIGN_STYLE = Automatic;
				CURRENT_PROJECT_VERSION = 1;
				DEVELOPMENT_TEAM = YBQFK5BBPA;
				ENABLE_PREVIEWS = YES;
				GENERATE_INFOPLIST_FILE = YES;
				INFOPLIST_KEY_UIApplicationSceneManifest_Generation = YES;
				INFOPLIST_KEY_UIApplicationSupportsIndirectInputEvents = YES;
				INFOPLIST_KEY_UILaunchScreen_Generation = YES;
				INFOPLIST_KEY_UISupportedInterfaceOrientations_iPad = "UIInterfaceOrientationPortrait UIInterfaceOrientationPortraitUpsideDown UIInterfaceOrientationLandscapeLeft UIInterfaceOrientationLandscapeRight";
				INFOPLIST_KEY_UISupportedInterfaceOrientations_iPhone = "UIInterfaceOrientationPortrait UIInterfaceOrientationLandscapeLeft UIInterfaceOrientationLandscapeRight";
				IPHONEOS_DEPLOYMENT_TARGET = 17.6;
				LD_RUNPATH_SEARCH_PATHS = (
					"$(inherited)",
					"@executable_path/Frameworks",
				);
				MARKETING_VERSION = 1.0;
				PRODUCT_BUNDLE_IDENTIFIER = "Bart-Jourquin.LettresEtScores";
				PRODUCT_NAME = "$(TARGET_NAME)";
				STRING_CATALOG_GENERATE_SYMBOLS = YES;
				SWIFT_APPROACHABLE_CONCURRENCY = YES;
				SWIFT_DEFAULT_ACTOR_ISOLATION = nonisolated;
				SWIFT_EMIT_LOC_STRINGS = YES;
				SWIFT_UPCOMING_FEATURE_MEMBER_IMPORT_VISIBILITY = YES;
				SWIFT_VERSION = 5.0;
				TARGETED_DEVICE_FAMILY = "1,2";
			};
			name = Release;
		};
		523EF6103024FEF5007E9BD9 /* Debug */ = {
			isa = XCBuildConfiguration;
			buildSettings = {
				BUNDLE_LOADER = "$(TEST_HOST)";
				CODE_SIGN_STYLE = Automatic;
				CURRENT_PROJECT_VERSION = 1;
				GENERATE_INFOPLIST_FILE = YES;
				IPHONEOS_DEPLOYMENT_TARGET = 17.6;
				MARKETING_VERSION = 1.0;
				PRODUCT_BUNDLE_IDENTIFIER = "Bart-Jourquin.LettresEtScoresTests";
				PRODUCT_NAME = "$(TARGET_NAME)";
				STRING_CATALOG_GENERATE_SYMBOLS = NO;
				SWIFT_APPROACHABLE_CONCURRENCY = YES;
				SWIFT_EMIT_LOC_STRINGS = NO;
				SWIFT_UPCOMING_FEATURE_MEMBER_IMPORT_VISIBILITY = YES;
				SWIFT_VERSION = 5.0;
				TARGETED_DEVICE_FAMILY = "1,2";
				TEST_HOST = "$(BUILT_PRODUCTS_DIR)/LettresEtScores.app/$(BUNDLE_EXECUTABLE_FOLDER_PATH)/LettresEtScores";
			};
			name = Debug;
		};
		523EF6113024FEF5007E9BD9 /* Release */ = {
			isa = XCBuildConfiguration;
			buildSettings = {
				BUNDLE_LOADER = "$(TEST_HOST)";
				CODE_SIGN_STYLE = Automatic;
				CURRENT_PROJECT_VERSION = 1;
				GENERATE_INFOPLIST_FILE = YES;
				IPHONEOS_DEPLOYMENT_TARGET = 17.6;
				MARKETING_VERSION = 1.0;
				PRODUCT_BUNDLE_IDENTIFIER = "Bart-Jourquin.LettresEtScoresTests";
				PRODUCT_NAME = "$(TARGET_NAME)";
				STRING_CATALOG_GENERATE_SYMBOLS = NO;
				SWIFT_APPROACHABLE_CONCURRENCY = YES;
				SWIFT_EMIT_LOC_STRINGS = NO;
				SWIFT_UPCOMING_FEATURE_MEMBER_IMPORT_VISIBILITY = YES;
				SWIFT_VERSION = 5.0;
				TARGETED_DEVICE_FAMILY = "1,2";
				TEST_HOST = "$(BUILT_PRODUCTS_DIR)/LettresEtScores.app/$(BUNDLE_EXECUTABLE_FOLDER_PATH)/LettresEtScores";
			};
			name = Release;
		};
		523EF6133024FEF5007E9BD9 /* Debug */ = {
			isa = XCBuildConfiguration;
			buildSettings = {
				CODE_SIGN_STYLE = Automatic;
				CURRENT_PROJECT_VERSION = 1;
				GENERATE_INFOPLIST_FILE = YES;
				MARKETING_VERSION = 1.0;
				PRODUCT_BUNDLE_IDENTIFIER = "Bart-Jourquin.LettresEtScoresUITests";
				PRODUCT_NAME = "$(TARGET_NAME)";
				STRING_CATALOG_GENERATE_SYMBOLS = NO;
				SWIFT_APPROACHABLE_CONCURRENCY = YES;
				SWIFT_EMIT_LOC_STRINGS = NO;
				SWIFT_UPCOMING_FEATURE_MEMBER_IMPORT_VISIBILITY = YES;
				SWIFT_VERSION = 5.0;
				TARGETED_DEVICE_FAMILY = "1,2";
				TEST_TARGET_NAME = LettresEtScores;
			};
			name = Debug;
		};
		523EF6143024FEF5007E9BD9 /* Release */ = {
			isa = XCBuildConfiguration;
			buildSettings = {
				CODE_SIGN_STYLE = Automatic;
				CURRENT_PROJECT_VERSION = 1;
				GENERATE_INFOPLIST_FILE = YES;
				MARKETING_VERSION = 1.0;
				PRODUCT_BUNDLE_IDENTIFIER = "Bart-Jourquin.LettresEtScoresUITests";
				PRODUCT_NAME = "$(TARGET_NAME)";
				STRING_CATALOG_GENERATE_SYMBOLS = NO;
				SWIFT_APPROACHABLE_CONCURRENCY = YES;
				SWIFT_EMIT_LOC_STRINGS = NO;
				SWIFT_UPCOMING_FEATURE_MEMBER_IMPORT_VISIBILITY = YES;
				SWIFT_VERSION = 5.0;
				TARGETED_DEVICE_FAMILY = "1,2";
				TEST_TARGET_NAME = LettresEtScores;
			};
			name = Release;
		};
/* End XCBuildConfiguration section */

/* Begin XCConfigurationList section */
		523EF5E63024FEF2007E9BD9 /* Build configuration list for PBXProject "LettresEtScores" */ = {
			isa = XCConfigurationList;
			buildConfigurations = (
				523EF60A3024FEF5007E9BD9 /* Debug */,
				523EF60B3024FEF5007E9BD9 /* Release */,
			);
			defaultConfigurationIsVisible = 0;
			defaultConfigurationName = Release;
		};
		523EF60C3024FEF5007E9BD9 /* Build configuration list for PBXNativeTarget "LettresEtScores" */ = {
			isa = XCConfigurationList;
			buildConfigurations = (
				523EF60D3024FEF5007E9BD9 /* Debug */,
				523EF60E3024FEF5007E9BD9 /* Release */,
			);
			defaultConfigurationIsVisible = 0;
			defaultConfigurationName = Release;
		};
		523EF60F3024FEF5007E9BD9 /* Build configuration list for PBXNativeTarget "LettresEtScoresTests" */ = {
			isa = XCConfigurationList;
			buildConfigurations = (
				523EF6103024FEF5007E9BD9 /* Debug */,
				523EF6113024FEF5007E9BD9 /* Release */,
			);
			defaultConfigurationIsVisible = 0;
			defaultConfigurationName = Release;
		};
		523EF6123024FEF5007E9BD9 /* Build configuration list for PBXNativeTarget "LettresEtScoresUITests" */ = {
			isa = XCConfigurationList;
			buildConfigurations = (
				523EF6133024FEF5007E9BD9 /* Debug */,
				523EF6143024FEF5007E9BD9 /* Release */,
			);
			defaultConfigurationIsVisible = 0;
			defaultConfigurationName = Release;
		};
/* End XCConfigurationList section */
	};
	rootObject = 523EF5E33024FEF2007E9BD9 /* Project object */;
}
